
Microsoft Visual Studio Solution File, Format Version 12.00
# Visual Studio Version 17
VisualStudioVersion = 17.4.33110.190
MinimumVisualStudioVersion = 10.0.40219.1
Project("{9A19103F-16F7-4668-BE54-9A1E7A4F7556}") = "MvcFront", "MvcFront\MvcFront.csproj", "{9F6A4688-13A9-4773-8AC9-4B7BB79AA8D2}"
EndProject
Project("{9A19103F-16F7-4668-BE54-9A1E7A4F7556}") = "OrdersApi", "OrdersApi\OrdersApi.csproj", "{0B2A5438-9DE1-408E-B1CC-05DAEA4BF370}"
EndProject
Project("{9A19103F-16F7-4668-BE54-9A1E7A4F7556}") = "FacesApi", "FacesApi\FacesApi.csproj", "{3BAA2A0A-AB44-418C-9773-0F4124D8116F}"
EndProject
Project("{FAE04EC0-301F-11D3-BF4B-00C04F79EFBC}") = "NotificationApi", "NotificationApi\NotificationApi.csproj", "{0CC7F92B-C09A-46D7-9FDF-6B15E9731B2E}"
EndProject
Global
	GlobalSection(SolutionConfigurationPlatforms) = preSolution
		Debug|Any CPU = Debug|Any CPU
		Release|Any CPU = Release|Any CPU
	EndGlobalSection
	GlobalSection(ProjectConfigurationPlatforms) = postSolution
		{9F6A4688-13A9-4773-8AC9-4B7BB79AA8D2}.Debug|Any CPU.ActiveCfg = Debug|Any CPU
		{9F6A4688-13A9-4773-8AC9-4B7BB79AA8D2}.Debug|Any CPU.Build.0 = Debug|Any CPU
		{9F6A4688-13A9-4773-8AC9-4B7BB79AA8D2}.Release|Any CPU.ActiveCfg = Release|Any CPU
		{9F6A4688-13A9-4773-8AC9-4B7BB79AA8D2}.Release|Any CPU.Build.0 = Release|Any CPU
		{0B2A5438-9DE1-408E-B1CC-05DAEA4BF370}.Debug|Any CPU.ActiveCfg = Debug|Any CPU
		{0B2A5438-9DE1-408E-B1CC-05DAEA4BF370}.Debug|Any CPU.Build.0 = Debug|Any CPU
		{0B2A5438-9DE1-408E-B1CC-05DAEA4BF370}.Release|Any CPU.ActiveCfg = Release|Any CPU
		{0B2A5438-9DE1-408E-B1CC-05DAEA4BF370}.Release|Any CPU.Build.0 = Release|Any CPU
		{3BAA2A0A-AB44-418C-9773-0F4124D8116F}.Debug|Any CPU.ActiveCfg = Debug|Any CPU
		{3BAA2A0A-AB44-418C-9773-0F4124D8116F}.Debug|Any CPU.Build.0 = Debug|Any CPU
		{3BAA2A0A-AB44-418C-9773-0F4124D8116F}.Release|Any CPU.ActiveCfg = Release|Any CPU
		{3BAA2A0A-AB44-418C-9773-0F4124D8116F}.Release|Any CPU.Build.0 = Release|Any CPU
		{0CC7F92B-C09A-46D7-9FDF-6B15E9731B2E}.Debug|Any CPU.ActiveCfg = Debug|Any CPU
		{0CC7F92B-C09A-46D7-9FDF-6B15E9731B2E}.Debug|Any CPU.Build.0 = Debug|Any CPU
		{0CC7F92B-C09A-46D7-9FDF-6B15E9731B2E}.Release|Any CPU.ActiveCfg = Release|Any CPU
		{0CC7F92B-C09A-46D7-9FDF-6B15E9731B2E}.Release|Any CPU.Build.0 = Release|Any CPU
	EndGlobalSection
	GlobalSection(SolutionProperties) = preSolution
		HideSolutionNode = FALSE
	EndGlobalSection
	GlobalSection(ExtensibilityGlobals) = postSolution
		SolutionGuid = {D682E976-648F-41FE-9595-1D43CF277DA8}
	EndGlobalSection
EndGlobal
